
Microsoft Visual Studio Solution File, Format Version 12.00
# Visual Studio 15
VisualStudioVersion = 15.0.28307.438
MinimumVisualStudioVersion = 10.0.40219.1
Project("{FAE04EC0-301F-11D3-BF4B-00C04F79EFBC}") = "CSC395 Module 3", "CSC395 Module 3\CSC395 Module 3.csproj", "{137806F8-4F1B-495B-97CF-73195D4B0B7F}"
EndProject
Global
	GlobalSection(SolutionConfigurationPlatforms) = preSolution
		Debug|Any CPU = Debug|Any CPU
		Release|Any CPU = Release|Any CPU
	EndGlobalSection
	GlobalSection(ProjectConfigurationPlatforms) = postSolution
		{137806F8-4F1B-495B-97CF-73195D4B0B7F}.Debug|Any CPU.ActiveCfg = Debug|Any CPU
		{137806F8-4F1B-495B-97CF-73195D4B0B7F}.Debug|Any CPU.Build.0 = Debug|Any CPU
		{137806F8-4F1B-495B-97CF-73195D4B0B7F}.Release|Any CPU.ActiveCfg = Release|Any CPU
		{137806F8-4F1B-495B-97CF-73195D4B0B7F}.Release|Any CPU.Build.0 = Release|Any CPU
	EndGlobalSection
	GlobalSection(SolutionProperties) = preSolution
		HideSolutionNode = FALSE
	EndGlobalSection
	GlobalSection(ExtensibilityGlobals) = postSolution
		SolutionGuid = {DD05F71A-57E8-4C48-9A88-94B9015C2A3F}
	EndGlobalSection
EndGlobal
