
Microsoft Visual Studio Solution File, Format Version 12.00
# Visual Studio 15
VisualStudioVersion = 15.0.28307.438
MinimumVisualStudioVersion = 10.0.40219.1
Project("{FAE04EC0-301F-11D3-BF4B-00C04F79EFBC}") = "CSC395 Module3", "CSC395 Module3\CSC395 Module3.csproj", "{D5416C46-3F7D-47AE-B5B1-21764F48F23F}"
EndProject
Global
	GlobalSection(SolutionConfigurationPlatforms) = preSolution
		Debug|Any CPU = Debug|Any CPU
		Release|Any CPU = Release|Any CPU
	EndGlobalSection
	GlobalSection(ProjectConfigurationPlatforms) = postSolution
		{D5416C46-3F7D-47AE-B5B1-21764F48F23F}.Debug|Any CPU.ActiveCfg = Debug|Any CPU
		{D5416C46-3F7D-47AE-B5B1-21764F48F23F}.Debug|Any CPU.Build.0 = Debug|Any CPU
		{D5416C46-3F7D-47AE-B5B1-21764F48F23F}.Release|Any CPU.ActiveCfg = Release|Any CPU
		{D5416C46-3F7D-47AE-B5B1-21764F48F23F}.Release|Any CPU.Build.0 = Release|Any CPU
	EndGlobalSection
	GlobalSection(SolutionProperties) = preSolution
		HideSolutionNode = FALSE
	EndGlobalSection
	GlobalSection(ExtensibilityGlobals) = postSolution
		SolutionGuid = {CB08A604-E344-4988-983C-E24C5C7C9AB3}
	EndGlobalSection
EndGlobal
